// !$*UTF8*$!
{
	archiveVersion = 1;
	classes = {
	};
	objectVersion = 52;
	objects = {

/* Begin PBXBuildFile section */
		A937482E28C23E5C00FE58DC /* HabitCreationView.swift in Sources */ = {isa = PBXBuildFile; fileRef = A937482D28C23E5C00FE58DC /* HabitCreationView.swift */; };
		A939F86328C21D160083E1F5 /* Kingfisher in Frameworks */ = {isa = PBXBuildFile; productRef = A939F86228C21D160083E1F5 /* Kingfisher */; };
		A94D9D6028C24891003EC4B8 /* CoverSelectionView.swift in Sources */ = {isa = PBXBuildFile; fileRef = A94D9D5F28C24891003EC4B8 /* CoverSelectionView.swift */; };
		A9614D8B26D81C2800B711AA /* Habit.swift in Sources */ = {isa = PBXBuildFile; fileRef = A9614D8A26D81C2800B711AA /* Habit.swift */; };
		A9614D8E26D821CA00B711AA /* Data.swift in Sources */ = {isa = PBXBuildFile; fileRef = A9614D8D26D821CA00B711AA /* Data.swift */; };
		A9614D9126D827E300B711AA /* HabitCellView.swift in Sources */ = {isa = PBXBuildFile; fileRef = A9614D9026D827E300B711AA /* HabitCellView.swift */; };
		A961EC0926BEDDCD007EB5E7 /* FavoriteButtonView.swift in Sources */ = {isa = PBXBuildFile; fileRef = A961EC0826BEDDCD007EB5E7 /* FavoriteButtonView.swift */; };
		A971347126DEAC1800A52EF0 /* PlusButtonView.swift in Sources */ = {isa = PBXBuildFile; fileRef = A971347026DEAC1700A52EF0 /* PlusButtonView.swift */; };
		A984AB9B26BFCE7000275EB9 /* TestView.swift in Sources */ = {isa = PBXBuildFile; fileRef = A984AB9A26BFCE7000275EB9 /* TestView.swift */; };
		A9DD06B128C3AFC6009651ED /* NewHabitConfig.swift in Sources */ = {isa = PBXBuildFile; fileRef = A9DD06B028C3AFC6009651ED /* NewHabitConfig.swift */; };
		A9E7F22728C5FB86004B4F99 /* HabitDetailView.swift in Sources */ = {isa = PBXBuildFile; fileRef = A9E7F22628C5FB86004B4F99 /* HabitDetailView.swift */; };
		A9E7F22928C5FE5F004B4F99 /* HabitHeaderView.swift in Sources */ = {isa = PBXBuildFile; fileRef = A9E7F22828C5FE5F004B4F99 /* HabitHeaderView.swift */; };
		A9E7F22B28C61B64004B4F99 /* HabitDescriptionView.swift in Sources */ = {isa = PBXBuildFile; fileRef = A9E7F22A28C61B64004B4F99 /* HabitDescriptionView.swift */; };
		A9E7F22D28C61E9F004B4F99 /* TimeCellView.swift in Sources */ = {isa = PBXBuildFile; fileRef = A9E7F22C28C61E9F004B4F99 /* TimeCellView.swift */; };
		A9E7F22F28C61FBD004B4F99 /* SpentTime.swift in Sources */ = {isa = PBXBuildFile; fileRef = A9E7F22E28C61FBD004B4F99 /* SpentTime.swift */; };
		A9E7F23128C62495004B4F99 /* TimeConfigurationView.swift in Sources */ = {isa = PBXBuildFile; fileRef = A9E7F23028C62495004B4F99 /* TimeConfigurationView.swift */; };
		A9E7F23328C640CD004B4F99 /* StandardButtomView.swift in Sources */ = {isa = PBXBuildFile; fileRef = A9E7F23228C640CD004B4F99 /* StandardButtomView.swift */; };
		A9F864AC26BC6A0E00A48372 /* MyFirstAppApp.swift in Sources */ = {isa = PBXBuildFile; fileRef = A9F864AB26BC6A0E00A48372 /* MyFirstAppApp.swift */; };
		A9F864AE26BC6A0E00A48372 /* HomeView.swift in Sources */ = {isa = PBXBuildFile; fileRef = A9F864AD26BC6A0E00A48372 /* HomeView.swift */; };
		A9F864B026BC6A1100A48372 /* Assets.xcassets in Resources */ = {isa = PBXBuildFile; fileRef = A9F864AF26BC6A1100A48372 /* Assets.xcassets */; };
		A9F864B326BC6A1100A48372 /* Preview Assets.xcassets in Resources */ = {isa = PBXBuildFile; fileRef = A9F864B226BC6A1100A48372 /* Preview Assets.xcassets */; };
/* End PBXBuildFile section */

/* Begin PBXFileReference section */
		A937482D28C23E5C00FE58DC /* HabitCreationView.swift */ = {isa = PBXFileReference; lastKnownFileType = sourcecode.swift; path = HabitCreationView.swift; sourceTree = "<group>"; };
		A94D9D5F28C24891003EC4B8 /* CoverSelectionView.swift */ = {isa = PBXFileReference; lastKnownFileType = sourcecode.swift; path = CoverSelectionView.swift; sourceTree = "<group>"; };
		A9614D8A26D81C2800B711AA /* Habit.swift */ = {isa = PBXFileReference; lastKnownFileType = sourcecode.swift; path = Habit.swift; sourceTree = "<group>"; };
		A9614D8D26D821CA00B711AA /* Data.swift */ = {isa = PBXFileReference; lastKnownFileType = sourcecode.swift; path = Data.swift; sourceTree = "<group>"; };
		A9614D9026D827E300B711AA /* HabitCellView.swift */ = {isa = PBXFileReference; lastKnownFileType = sourcecode.swift; path = HabitCellView.swift; sourceTree = "<group>"; };
		A961EC0826BEDDCD007EB5E7 /* FavoriteButtonView.swift */ = {isa = PBXFileReference; lastKnownFileType = sourcecode.swift; path = FavoriteButtonView.swift; sourceTree = "<group>"; };
		A971347026DEAC1700A52EF0 /* PlusButtonView.swift */ = {isa = PBXFileReference; lastKnownFileType = sourcecode.swift; path = PlusButtonView.swift; sourceTree = "<group>"; };
		A984AB9A26BFCE7000275EB9 /* TestView.swift */ = {isa = PBXFileReference; lastKnownFileType = sourcecode.swift; path = TestView.swift; sourceTree = "<group>"; };
		A9DD06B028C3AFC6009651ED /* NewHabitConfig.swift */ = {isa = PBXFileReference; lastKnownFileType = sourcecode.swift; path = NewHabitConfig.swift; sourceTree = "<group>"; };
		A9E7F22628C5FB86004B4F99 /* HabitDetailView.swift */ = {isa = PBXFileReference; lastKnownFileType = sourcecode.swift; path = HabitDetailView.swift; sourceTree = "<group>"; };
		A9E7F22828C5FE5F004B4F99 /* HabitHeaderView.swift */ = {isa = PBXFileReference; lastKnownFileType = sourcecode.swift; path = HabitHeaderView.swift; sourceTree = "<group>"; };
		A9E7F22A28C61B64004B4F99 /* HabitDescriptionView.swift */ = {isa = PBXFileReference; lastKnownFileType = sourcecode.swift; path = HabitDescriptionView.swift; sourceTree = "<group>"; };
		A9E7F22C28C61E9F004B4F99 /* TimeCellView.swift */ = {isa = PBXFileReference; lastKnownFileType = sourcecode.swift; path = TimeCellView.swift; sourceTree = "<group>"; };
		A9E7F22E28C61FBD004B4F99 /* SpentTime.swift */ = {isa = PBXFileReference; lastKnownFileType = sourcecode.swift; path = SpentTime.swift; sourceTree = "<group>"; };
		A9E7F23028C62495004B4F99 /* TimeConfigurationView.swift */ = {isa = PBXFileReference; lastKnownFileType = sourcecode.swift; path = TimeConfigurationView.swift; sourceTree = "<group>"; };
		A9E7F23228C640CD004B4F99 /* StandardButtomView.swift */ = {isa = PBXFileReference; lastKnownFileType = sourcecode.swift; path = StandardButtomView.swift; sourceTree = "<group>"; };
		A9F864A826BC6A0E00A48372 /* MyFirstApp.app */ = {isa = PBXFileReference; explicitFileType = wrapper.application; includeInIndex = 0; path = MyFirstApp.app; sourceTree = BUILT_PRODUCTS_DIR; };
		A9F864AB26BC6A0E00A48372 /* MyFirstAppApp.swift */ = {isa = PBXFileReference; lastKnownFileType = sourcecode.swift; path = MyFirstAppApp.swift; sourceTree = "<group>"; };
		A9F864AD26BC6A0E00A48372 /* HomeView.swift */ = {isa = PBXFileReference; lastKnownFileType = sourcecode.swift; path = HomeView.swift; sourceTree = "<group>"; };
		A9F864AF26BC6A1100A48372 /* Assets.xcassets */ = {isa = PBXFileReference; lastKnownFileType = folder.assetcatalog; path = Assets.xcassets; sourceTree = "<group>"; };
		A9F864B226BC6A1100A48372 /* Preview Assets.xcassets */ = {isa = PBXFileReference; lastKnownFileType = folder.assetcatalog; path = "Preview Assets.xcassets"; sourceTree = "<group>"; };
		A9F864B426BC6A1100A48372 /* Info.plist */ = {isa = PBXFileReference; lastKnownFileType = text.plist.xml; path = Info.plist; sourceTree = "<group>"; };
/* End PBXFileReference section */

/* Begin PBXFrameworksBuildPhase section */
		A9F864A526BC6A0E00A48372 /* Frameworks */ = {
			isa = PBXFrameworksBuildPhase;
			buildActionMask = 2147483647;
			files = (
				A939F86328C21D160083E1F5 /* Kingfisher in Frameworks */,
			);
			runOnlyForDeploymentPostprocessing = 0;
		};
/* End PBXFrameworksBuildPhase section */

/* Begin PBXGroup section */
		A937482F28C23E8600FE58DC /* HabitCreation */ = {
			isa = PBXGroup;
			children = (
				A937482D28C23E5C00FE58DC /* HabitCreationView.swift */,
				A94D9D5F28C24891003EC4B8 /* CoverSelectionView.swift */,
			);
			path = HabitCreation;
			sourceTree = "<group>";
		};
		A939F86428C223210083E1F5 /* Views */ = {
			isa = PBXGroup;
			children = (
				A939F86528C223760083E1F5 /* Home */,
				A9E7F22328C5FB0C004B4F99 /* HabitDetail */,
				A937482F28C23E8600FE58DC /* HabitCreation */,
				A939F86628C2237D0083E1F5 /* Shared */,
			);
			path = Views;
			sourceTree = "<group>";
		};
		A939F86528C223760083E1F5 /* Home */ = {
			isa = PBXGroup;
			children = (
				A9F864AD26BC6A0E00A48372 /* HomeView.swift */,
				A9614D9026D827E300B711AA /* HabitCellView.swift */,
				A971347026DEAC1700A52EF0 /* PlusButtonView.swift */,
			);
			path = Home;
			sourceTree = "<group>";
		};
		A939F86628C2237D0083E1F5 /* Shared */ = {
			isa = PBXGroup;
			children = (
				A961EC0826BEDDCD007EB5E7 /* FavoriteButtonView.swift */,
				A9E7F23228C640CD004B4F99 /* StandardButtomView.swift */,
			);
			path = Shared;
			sourceTree = "<group>";
		};
		A939F86728C223EE0083E1F5 /* Entities */ = {
			isa = PBXGroup;
			children = (
				A9614D8A26D81C2800B711AA /* Habit.swift */,
				A9DD06B028C3AFC6009651ED /* NewHabitConfig.swift */,
				A9E7F22E28C61FBD004B4F99 /* SpentTime.swift */,
			);
			path = Entities;
			sourceTree = "<group>";
		};
		A9E7F22328C5FB0C004B4F99 /* HabitDetail */ = {
			isa = PBXGroup;
			children = (
				A9E7F22628C5FB86004B4F99 /* HabitDetailView.swift */,
				A9E7F22828C5FE5F004B4F99 /* HabitHeaderView.swift */,
				A9E7F22A28C61B64004B4F99 /* HabitDescriptionView.swift */,
				A9E7F22C28C61E9F004B4F99 /* TimeCellView.swift */,
				A9E7F23028C62495004B4F99 /* TimeConfigurationView.swift */,
			);
			path = HabitDetail;
			sourceTree = "<group>";
		};
		A9F8649F26BC6A0E00A48372 = {
			isa = PBXGroup;
			children = (
				A9F864AA26BC6A0E00A48372 /* MyFirstApp */,
				A9F864A926BC6A0E00A48372 /* Products */,
			);
			sourceTree = "<group>";
		};
		A9F864A926BC6A0E00A48372 /* Products */ = {
			isa = PBXGroup;
			children = (
				A9F864A826BC6A0E00A48372 /* MyFirstApp.app */,
			);
			name = Products;
			sourceTree = "<group>";
		};
		A9F864AA26BC6A0E00A48372 /* MyFirstApp */ = {
			isa = PBXGroup;
			children = (
				A9F864AB26BC6A0E00A48372 /* MyFirstAppApp.swift */,
				A939F86428C223210083E1F5 /* Views */,
				A939F86728C223EE0083E1F5 /* Entities */,
				A9614D8D26D821CA00B711AA /* Data.swift */,
				A9F864AF26BC6A1100A48372 /* Assets.xcassets */,
				A9F864B426BC6A1100A48372 /* Info.plist */,
				A9F864B126BC6A1100A48372 /* Preview Content */,
				A984AB9A26BFCE7000275EB9 /* TestView.swift */,
			);
			path = MyFirstApp;
			sourceTree = "<group>";
		};
		A9F864B126BC6A1100A48372 /* Preview Content */ = {
			isa = PBXGroup;
			children = (
				A9F864B226BC6A1100A48372 /* Preview Assets.xcassets */,
			);
			path = "Preview Content";
			sourceTree = "<group>";
		};
/* End PBXGroup section */

/* Begin PBXNativeTarget section */
		A9F864A726BC6A0E00A48372 /* MyFirstApp */ = {
			isa = PBXNativeTarget;
			buildConfigurationList = A9F864B726BC6A1100A48372 /* Build configuration list for PBXNativeTarget "MyFirstApp" */;
			buildPhases = (
				A9F864A426BC6A0E00A48372 /* Sources */,
				A9F864A526BC6A0E00A48372 /* Frameworks */,
				A9F864A626BC6A0E00A48372 /* Resources */,
			);
			buildRules = (
			);
			dependencies = (
			);
			name = MyFirstApp;
			packageProductDependencies = (
				A939F86228C21D160083E1F5 /* Kingfisher */,
			);
			productName = MyFirstApp;
			productReference = A9F864A826BC6A0E00A48372 /* MyFirstApp.app */;
			productType = "com.apple.product-type.application";
		};
/* End PBXNativeTarget section */

/* Begin PBXProject section */
		A9F864A026BC6A0E00A48372 /* Project object */ = {
			isa = PBXProject;
			attributes = {
				LastSwiftUpdateCheck = 1240;
				LastUpgradeCheck = 1240;
				TargetAttributes = {
					A9F864A726BC6A0E00A48372 = {
						CreatedOnToolsVersion = 12.4;
					};
				};
			};
			buildConfigurationList = A9F864A326BC6A0E00A48372 /* Build configuration list for PBXProject "MyFirstApp" */;
			compatibilityVersion = "Xcode 9.3";
			developmentRegion = en;
			hasScannedForEncodings = 0;
			knownRegions = (
				en,
				Base,
			);
			mainGroup = A9F8649F26BC6A0E00A48372;
			packageReferences = (
				A939F86128C21D160083E1F5 /* XCRemoteSwiftPackageReference "Kingfisher" */,
			);
			productRefGroup = A9F864A926BC6A0E00A48372 /* Products */;
			projectDirPath = "";
			projectRoot = "";
			targets = (
				A9F864A726BC6A0E00A48372 /* MyFirstApp */,
			);
		};
/* End PBXProject section */

/* Begin PBXResourcesBuildPhase section */
		A9F864A626BC6A0E00A48372 /* Resources */ = {
			isa = PBXResourcesBuildPhase;
			buildActionMask = 2147483647;
			files = (
				A9F864B326BC6A1100A48372 /* Preview Assets.xcassets in Resources */,
				A9F864B026BC6A1100A48372 /* Assets.xcassets in Resources */,
			);
			runOnlyForDeploymentPostprocessing = 0;
		};
/* End PBXResourcesBuildPhase section */

/* Begin PBXSourcesBuildPhase section */
		A9F864A426BC6A0E00A48372 /* Sources */ = {
			isa = PBXSourcesBuildPhase;
			buildActionMask = 2147483647;
			files = (
				A9E7F23328C640CD004B4F99 /* StandardButtomView.swift in Sources */,
				A9E7F22D28C61E9F004B4F99 /* TimeCellView.swift in Sources */,
				A984AB9B26BFCE7000275EB9 /* TestView.swift in Sources */,
				A9614D8E26D821CA00B711AA /* Data.swift in Sources */,
				A9E7F22F28C61FBD004B4F99 /* SpentTime.swift in Sources */,
				A9E7F22728C5FB86004B4F99 /* HabitDetailView.swift in Sources */,
				A971347126DEAC1800A52EF0 /* PlusButtonView.swift in Sources */,
				A9E7F22B28C61B64004B4F99 /* HabitDescriptionView.swift in Sources */,
				A9614D8B26D81C2800B711AA /* Habit.swift in Sources */,
				A9E7F22928C5FE5F004B4F99 /* HabitHeaderView.swift in Sources */,
				A937482E28C23E5C00FE58DC /* HabitCreationView.swift in Sources */,
				A94D9D6028C24891003EC4B8 /* CoverSelectionView.swift in Sources */,
				A9F864AE26BC6A0E00A48372 /* HomeView.swift in Sources */,
				A9E7F23128C62495004B4F99 /* TimeConfigurationView.swift in Sources */,
				A9614D9126D827E300B711AA /* HabitCellView.swift in Sources */,
				A961EC0926BEDDCD007EB5E7 /* FavoriteButtonView.swift in Sources */,
				A9DD06B128C3AFC6009651ED /* NewHabitConfig.swift in Sources */,
				A9F864AC26BC6A0E00A48372 /* MyFirstAppApp.swift in Sources */,
			);
			runOnlyForDeploymentPostprocessing = 0;
		};
/* End PBXSourcesBuildPhase section */

/* Begin XCBuildConfiguration section */
		A9F864B526BC6A1100A48372 /* Debug */ = {
			isa = XCBuildConfiguration;
			buildSettings = {
				ALWAYS_SEARCH_USER_PATHS = NO;
				CLANG_ANALYZER_NONNULL = YES;
				CLANG_ANALYZER_NUMBER_OBJECT_CONVERSION = YES_AGGRESSIVE;
				CLANG_CXX_LANGUAGE_STANDARD = "gnu++14";
				CLANG_CXX_LIBRARY = "libc++";
				CLANG_ENABLE_MODULES = YES;
				CLANG_ENABLE_OBJC_ARC = YES;
				CLANG_ENABLE_OBJC_WEAK = YES;
				CLANG_WARN_BLOCK_CAPTURE_AUTORELEASING = YES;
				CLANG_WARN_BOOL_CONVERSION = YES;
				CLANG_WARN_COMMA = YES;
				CLANG_WARN_CONSTANT_CONVERSION = YES;
				CLANG_WARN_DEPRECATED_OBJC_IMPLEMENTATIONS = YES;
				CLANG_WARN_DIRECT_OBJC_ISA_USAGE = YES_ERROR;
				CLANG_WARN_DOCUMENTATION_COMMENTS = YES;
				CLANG_WARN_EMPTY_BODY = YES;
				CLANG_WARN_ENUM_CONVERSION = YES;
				CLANG_WARN_INFINITE_RECURSION = YES;
				CLANG_WARN_INT_CONVERSION = YES;
				CLANG_WARN_NON_LITERAL_NULL_CONVERSION = YES;
				CLANG_WARN_OBJC_IMPLICIT_RETAIN_SELF = YES;
				CLANG_WARN_OBJC_LITERAL_CONVERSION = YES;
				CLANG_WARN_OBJC_ROOT_CLASS = YES_ERROR;
				CLANG_WARN_QUOTED_INCLUDE_IN_FRAMEWORK_HEADER = YES;
				CLANG_WARN_RANGE_LOOP_ANALYSIS = YES;
				CLANG_WARN_STRICT_PROTOTYPES = YES;
				CLANG_WARN_SUSPICIOUS_MOVE = YES;
				CLANG_WARN_UNGUARDED_AVAILABILITY = YES_AGGRESSIVE;
				CLANG_WARN_UNREACHABLE_CODE = YES;
				CLANG_WARN__DUPLICATE_METHOD_MATCH = YES;
				COPY_PHASE_STRIP = NO;
				DEBUG_INFORMATION_FORMAT = dwarf;
				ENABLE_STRICT_OBJC_MSGSEND = YES;
				ENABLE_TESTABILITY = YES;
				GCC_C_LANGUAGE_STANDARD = gnu11;
				GCC_DYNAMIC_NO_PIC = NO;
				GCC_NO_COMMON_BLOCKS = YES;
				GCC_OPTIMIZATION_LEVEL = 0;
				GCC_PREPROCESSOR_DEFINITIONS = (
					"DEBUG=1",
					"$(inherited)",
				);
				GCC_WARN_64_TO_32_BIT_CONVERSION = YES;
				GCC_WARN_ABOUT_RETURN_TYPE = YES_ERROR;
				GCC_WARN_UNDECLARED_SELECTOR = YES;
				GCC_WARN_UNINITIALIZED_AUTOS = YES_AGGRESSIVE;
				GCC_WARN_UNUSED_FUNCTION = YES;
				GCC_WARN_UNUSED_VARIABLE = YES;
				IPHONEOS_DEPLOYMENT_TARGET = 14.4;
				MTL_ENABLE_DEBUG_INFO = INCLUDE_SOURCE;
				MTL_FAST_MATH = YES;
				ONLY_ACTIVE_ARCH = YES;
				SDKROOT = iphoneos;
				SWIFT_ACTIVE_COMPILATION_CONDITIONS = DEBUG;
				SWIFT_OPTIMIZATION_LEVEL = "-Onone";
			};
			name = Debug;
		};
		A9F864B626BC6A1100A48372 /* Release */ = {
			isa = XCBuildConfiguration;
			buildSettings = {
				ALWAYS_SEARCH_USER_PATHS = NO;
				CLANG_ANALYZER_NONNULL = YES;
				CLANG_ANALYZER_NUMBER_OBJECT_CONVERSION = YES_AGGRESSIVE;
				CLANG_CXX_LANGUAGE_STANDARD = "gnu++14";
				CLANG_CXX_LIBRARY = "libc++";
				CLANG_ENABLE_MODULES = YES;
				CLANG_ENABLE_OBJC_ARC = YES;
				CLANG_ENABLE_OBJC_WEAK = YES;
				CLANG_WARN_BLOCK_CAPTURE_AUTORELEASING = YES;
				CLANG_WARN_BOOL_CONVERSION = YES;
				CLANG_WARN_COMMA = YES;
				CLANG_WARN_CONSTANT_CONVERSION = YES;
				CLANG_WARN_DEPRECATED_OBJC_IMPLEMENTATIONS = YES;
				CLANG_WARN_DIRECT_OBJC_ISA_USAGE = YES_ERROR;
				CLANG_WARN_DOCUMENTATION_COMMENTS = YES;
				CLANG_WARN_EMPTY_BODY = YES;
				CLANG_WARN_ENUM_CONVERSION = YES;
				CLANG_WARN_INFINITE_RECURSION = YES;
				CLANG_WARN_INT_CONVERSION = YES;
				CLANG_WARN_NON_LITERAL_NULL_CONVERSION = YES;
				CLANG_WARN_OBJC_IMPLICIT_RETAIN_SELF = YES;
				CLANG_WARN_OBJC_LITERAL_CONVERSION = YES;
				CLANG_WARN_OBJC_ROOT_CLASS = YES_ERROR;
				CLANG_WARN_QUOTED_INCLUDE_IN_FRAMEWORK_HEADER = YES;
				CLANG_WARN_RANGE_LOOP_ANALYSIS = YES;
				CLANG_WARN_STRICT_PROTOTYPES = YES;
				CLANG_WARN_SUSPICIOUS_MOVE = YES;
				CLANG_WARN_UNGUARDED_AVAILABILITY = YES_AGGRESSIVE;
				CLANG_WARN_UNREACHABLE_CODE = YES;
				CLANG_WARN__DUPLICATE_METHOD_MATCH = YES;
				COPY_PHASE_STRIP = NO;
				DEBUG_INFORMATION_FORMAT = "dwarf-with-dsym";
				ENABLE_NS_ASSERTIONS = NO;
				ENABLE_STRICT_OBJC_MSGSEND = YES;
				GCC_C_LANGUAGE_STANDARD = gnu11;
				GCC_NO_COMMON_BLOCKS = YES;
				GCC_WARN_64_TO_32_BIT_CONVERSION = YES;
				GCC_WARN_ABOUT_RETURN_TYPE = YES_ERROR;
				GCC_WARN_UNDECLARED_SELECTOR = YES;
				GCC_WARN_UNINITIALIZED_AUTOS = YES_AGGRESSIVE;
				GCC_WARN_UNUSED_FUNCTION = YES;
				GCC_WARN_UNUSED_VARIABLE = YES;
				IPHONEOS_DEPLOYMENT_TARGET = 14.4;
				MTL_ENABLE_DEBUG_INFO = NO;
				MTL_FAST_MATH = YES;
				SDKROOT = iphoneos;
				SWIFT_COMPILATION_MODE = wholemodule;
				SWIFT_OPTIMIZATION_LEVEL = "-O";
				VALIDATE_PRODUCT = YES;
			};
			name = Release;
		};
		A9F864B826BC6A1100A48372 /* Debug */ = {
			isa = XCBuildConfiguration;
			buildSettings = {
				ASSETCATALOG_COMPILER_APPICON_NAME = AppIcon;
				ASSETCATALOG_COMPILER_GLOBAL_ACCENT_COLOR_NAME = AccentColor;
				CODE_SIGN_STYLE = Automatic;
				DEVELOPMENT_ASSET_PATHS = "\"MyFirstApp/Preview Content\"";
				ENABLE_PREVIEWS = YES;
				INFOPLIST_FILE = MyFirstApp/Info.plist;
				IPHONEOS_DEPLOYMENT_TARGET = 14.0;
				LD_RUNPATH_SEARCH_PATHS = (
					"$(inherited)",
					"@executable_path/Frameworks",
				);
				PRODUCT_BUNDLE_IDENTIFIER = com.alexandrepegourie.MyFirstApp;
				PRODUCT_NAME = "$(TARGET_NAME)";
				SWIFT_VERSION = 5.0;
				TARGETED_DEVICE_FAMILY = "1,2";
			};
			name = Debug;
		};
		A9F864B926BC6A1100A48372 /* Release */ = {
			isa = XCBuildConfiguration;
			buildSettings = {
				ASSETCATALOG_COMPILER_APPICON_NAME = AppIcon;
				ASSETCATALOG_COMPILER_GLOBAL_ACCENT_COLOR_NAME = AccentColor;
				CODE_SIGN_STYLE = Automatic;
				DEVELOPMENT_ASSET_PATHS = "\"MyFirstApp/Preview Content\"";
				ENABLE_PREVIEWS = YES;
				INFOPLIST_FILE = MyFirstApp/Info.plist;
				IPHONEOS_DEPLOYMENT_TARGET = 14.0;
				LD_RUNPATH_SEARCH_PATHS = (
					"$(inherited)",
					"@executable_path/Frameworks",
				);
				PRODUCT_BUNDLE_IDENTIFIER = com.alexandrepegourie.MyFirstApp;
				PRODUCT_NAME = "$(TARGET_NAME)";
				SWIFT_VERSION = 5.0;
				TARGETED_DEVICE_FAMILY = "1,2";
			};
			name = Release;
		};
/* End XCBuildConfiguration section */

/* Begin XCConfigurationList section */
		A9F864A326BC6A0E00A48372 /* Build configuration list for PBXProject "MyFirstApp" */ = {
			isa = XCConfigurationList;
			buildConfigurations = (
				A9F864B526BC6A1100A48372 /* Debug */,
				A9F864B626BC6A1100A48372 /* Release */,
			);
			defaultConfigurationIsVisible = 0;
			defaultConfigurationName = Release;
		};
		A9F864B726BC6A1100A48372 /* Build configuration list for PBXNativeTarget "MyFirstApp" */ = {
			isa = XCConfigurationList;
			buildConfigurations = (
				A9F864B826BC6A1100A48372 /* Debug */,
				A9F864B926BC6A1100A48372 /* Release */,
			);
			defaultConfigurationIsVisible = 0;
			defaultConfigurationName = Release;
		};
/* End XCConfigurationList section */

/* Begin XCRemoteSwiftPackageReference section */
		A939F86128C21D160083E1F5 /* XCRemoteSwiftPackageReference "Kingfisher" */ = {
			isa = XCRemoteSwiftPackageReference;
			repositoryURL = "https://github.com/onevcat/Kingfisher";
			requirement = {
				kind = upToNextMajorVersion;
				minimumVersion = 7.0.0;
			};
		};
/* End XCRemoteSwiftPackageReference section */

/* Begin XCSwiftPackageProductDependency section */
		A939F86228C21D160083E1F5 /* Kingfisher */ = {
			isa = XCSwiftPackageProductDependency;
			package = A939F86128C21D160083E1F5 /* XCRemoteSwiftPackageReference "Kingfisher" */;
			productName = Kingfisher;
		};
/* End XCSwiftPackageProductDependency section */
	};
	rootObject = A9F864A026BC6A0E00A48372 /* Project object */;
}
